
Microsoft Visual Studio Solution File, Format Version 12.00
# Visual Studio Version 16
VisualStudioVersion = 16.0.34931.43
MinimumVisualStudioVersion = 10.0.40219.1
Project("{FAE04EC0-301F-11D3-BF4B-00C04F79EFBC}") = "ConsoleApp1", "ConsoleApp1\ConsoleApp1.csproj", "{0B4CD9A6-589B-4084-AFB3-DB80FB8F4812}"
EndProject
Project("{FAE04EC0-301F-11D3-BF4B-00C04F79EFBC}") = "WindowsSignIn", "WindowsSignIn\WindowsSignIn.csproj", "{3D8F59B0-01C8-4AE0-B414-452C3F9F0D57}"
EndProject
Global
	GlobalSection(SolutionConfigurationPlatforms) = preSolution
		Debug|Any CPU = Debug|Any CPU
		Release|Any CPU = Release|Any CPU
	EndGlobalSection
	GlobalSection(ProjectConfigurationPlatforms) = postSolution
		{0B4CD9A6-589B-4084-AFB3-DB80FB8F4812}.Debug|Any CPU.ActiveCfg = Debug|Any CPU
		{0B4CD9A6-589B-4084-AFB3-DB80FB8F4812}.Debug|Any CPU.Build.0 = Debug|Any CPU
		{0B4CD9A6-589B-4084-AFB3-DB80FB8F4812}.Release|Any CPU.ActiveCfg = Release|Any CPU
		{0B4CD9A6-589B-4084-AFB3-DB80FB8F4812}.Release|Any CPU.Build.0 = Release|Any CPU
		{3D8F59B0-01C8-4AE0-B414-452C3F9F0D57}.Debug|Any CPU.ActiveCfg = Debug|Any CPU
		{3D8F59B0-01C8-4AE0-B414-452C3F9F0D57}.Debug|Any CPU.Build.0 = Debug|Any CPU
		{3D8F59B0-01C8-4AE0-B414-452C3F9F0D57}.Release|Any CPU.ActiveCfg = Release|Any CPU
		{3D8F59B0-01C8-4AE0-B414-452C3F9F0D57}.Release|Any CPU.Build.0 = Release|Any CPU
	EndGlobalSection
	GlobalSection(SolutionProperties) = preSolution
		HideSolutionNode = FALSE
	EndGlobalSection
	GlobalSection(ExtensibilityGlobals) = postSolution
		SolutionGuid = {5DDEB6E7-21A3-4FDE-9F54-473C8CD0344D}
	EndGlobalSection
EndGlobal
